
Microsoft Visual Studio Solution File, Format Version 12.00
# Visual Studio Version 17
VisualStudioVersion = 17.9.34701.34
MinimumVisualStudioVersion = 10.0.40219.1
Project("{FAE04EC0-301F-11D3-BF4B-00C04F79EFBC}") = "atividadeVetor", "atividadeVetor.csproj", "{4C05BEB2-54BE-4041-AE31-3FCA13829EBA}"
EndProject
Global
	GlobalSection(SolutionConfigurationPlatforms) = preSolution
		Debug|Any CPU = Debug|Any CPU
		Release|Any CPU = Release|Any CPU
	EndGlobalSection
	GlobalSection(ProjectConfigurationPlatforms) = postSolution
		{4C05BEB2-54BE-4041-AE31-3FCA13829EBA}.Debug|Any CPU.ActiveCfg = Debug|Any CPU
		{4C05BEB2-54BE-4041-AE31-3FCA13829EBA}.Debug|Any CPU.Build.0 = Debug|Any CPU
		{4C05BEB2-54BE-4041-AE31-3FCA13829EBA}.Release|Any CPU.ActiveCfg = Release|Any CPU
		{4C05BEB2-54BE-4041-AE31-3FCA13829EBA}.Release|Any CPU.Build.0 = Release|Any CPU
	EndGlobalSection
	GlobalSection(SolutionProperties) = preSolution
		HideSolutionNode = FALSE
	EndGlobalSection
	GlobalSection(ExtensibilityGlobals) = postSolution
		SolutionGuid = {5189DD3D-7A68-4CB5-8D2A-ECDA084141C3}
	EndGlobalSection
EndGlobal
